// !$*UTF8*$!
{
	archiveVersion = 1;
	classes = {
	};
	objectVersion = 46;
	objects = {

/* Begin PBXBuildFile section */
		7F38656B1D240168003EBA12 /* AppDelegate.swift in Sources */ = {isa = PBXBuildFile; fileRef = 7F38656A1D240168003EBA12 /* AppDelegate.swift */; };
		7F38656D1D240168003EBA12 /* ViewController.swift in Sources */ = {isa = PBXBuildFile; fileRef = 7F38656C1D240168003EBA12 /* ViewController.swift */; };
		7F3865701D240168003EBA12 /* Main.storyboard in Resources */ = {isa = PBXBuildFile; fileRef = 7F38656E1D240168003EBA12 /* Main.storyboard */; };
		7F3865721D240168003EBA12 /* Assets.xcassets in Resources */ = {isa = PBXBuildFile; fileRef = 7F3865711D240168003EBA12 /* Assets.xcassets */; };
		7F3865751D240168003EBA12 /* LaunchScreen.storyboard in Resources */ = {isa = PBXBuildFile; fileRef = 7F3865731D240168003EBA12 /* LaunchScreen.storyboard */; };
		7F3865801D240168003EBA12 /* twitterAppTests.swift in Sources */ = {isa = PBXBuildFile; fileRef = 7F38657F1D240168003EBA12 /* twitterAppTests.swift */; };
		7F38658B1D240168003EBA12 /* twitterAppUITests.swift in Sources */ = {isa = PBXBuildFile; fileRef = 7F38658A1D240168003EBA12 /* twitterAppUITests.swift */; };
		7F3866101D24032F003EBA12 /* NCMBRequest.m in Sources */ = {isa = PBXBuildFile; fileRef = 7F38659B1D24032F003EBA12 /* NCMBRequest.m */; };
		7F3866111D24032F003EBA12 /* NCMB.m in Sources */ = {isa = PBXBuildFile; fileRef = 7F38659D1D24032F003EBA12 /* NCMB.m */; };
		7F3866121D24032F003EBA12 /* NCMB_Info.plist in Resources */ = {isa = PBXBuildFile; fileRef = 7F38659E1D24032F003EBA12 /* NCMB_Info.plist */; };
		7F3866131D24032F003EBA12 /* NCMBACL.m in Sources */ = {isa = PBXBuildFile; fileRef = 7F3865A01D24032F003EBA12 /* NCMBACL.m */; };
		7F3866141D24032F003EBA12 /* NCMBAnalytics.m in Sources */ = {isa = PBXBuildFile; fileRef = 7F3865A21D24032F003EBA12 /* NCMBAnalytics.m */; };
		7F3866151D24032F003EBA12 /* NCMBAnonymousUtils.m in Sources */ = {isa = PBXBuildFile; fileRef = 7F3865A41D24032F003EBA12 /* NCMBAnonymousUtils.m */; };
		7F3866161D24032F003EBA12 /* NCMBError.m in Sources */ = {isa = PBXBuildFile; fileRef = 7F3865A71D24032F003EBA12 /* NCMBError.m */; };
		7F3866171D24032F003EBA12 /* NCMBFacebookUtils.m in Sources */ = {isa = PBXBuildFile; fileRef = 7F3865A91D24032F003EBA12 /* NCMBFacebookUtils.m */; };
		7F3866181D24032F003EBA12 /* NCMBFile.m in Sources */ = {isa = PBXBuildFile; fileRef = 7F3865AB1D24032F003EBA12 /* NCMBFile.m */; };
		7F3866191D24032F003EBA12 /* NCMBGeoPoint.m in Sources */ = {isa = PBXBuildFile; fileRef = 7F3865AD1D24032F003EBA12 /* NCMBGeoPoint.m */; };
		7F38661A1D24032F003EBA12 /* NCMBGoogleUtils.m in Sources */ = {isa = PBXBuildFile; fileRef = 7F3865B01D24032F003EBA12 /* NCMBGoogleUtils.m */; };
		7F38661B1D24032F003EBA12 /* NCMBInstallation.m in Sources */ = {isa = PBXBuildFile; fileRef = 7F3865B21D24032F003EBA12 /* NCMBInstallation.m */; };
		7F38661C1D24032F003EBA12 /* NCMBObject.m in Sources */ = {isa = PBXBuildFile; fileRef = 7F3865B51D24032F003EBA12 /* NCMBObject.m */; };
		7F38661D1D24032F003EBA12 /* NCMBPush.m in Sources */ = {isa = PBXBuildFile; fileRef = 7F3865B71D24032F003EBA12 /* NCMBPush.m */; };
		7F38661E1D24032F003EBA12 /* NCMBQuery.m in Sources */ = {isa = PBXBuildFile; fileRef = 7F3865B91D24032F003EBA12 /* NCMBQuery.m */; };
		7F38661F1D24032F003EBA12 /* NCMBReachability.m in Sources */ = {isa = PBXBuildFile; fileRef = 7F3865BC1D24032F003EBA12 /* NCMBReachability.m */; };
		7F3866201D24032F003EBA12 /* NCMBRelation.m in Sources */ = {isa = PBXBuildFile; fileRef = 7F3865BE1D24032F003EBA12 /* NCMBRelation.m */; };
		7F3866211D24032F003EBA12 /* NCMBCloseImageView.m in Sources */ = {isa = PBXBuildFile; fileRef = 7F3865C11D24032F003EBA12 /* NCMBCloseImageView.m */; };
		7F3866221D24032F003EBA12 /* NCMBRichPushView.m in Sources */ = {isa = PBXBuildFile; fileRef = 7F3865C31D24032F003EBA12 /* NCMBRichPushView.m */; };
		7F3866231D24032F003EBA12 /* NCMBRole.m in Sources */ = {isa = PBXBuildFile; fileRef = 7F3865C51D24032F003EBA12 /* NCMBRole.m */; };
		7F3866241D24032F003EBA12 /* NCMBScript.m in Sources */ = {isa = PBXBuildFile; fileRef = 7F3865C71D24032F003EBA12 /* NCMBScript.m */; };
		7F3866251D24032F003EBA12 /* NCMBScriptService.m in Sources */ = {isa = PBXBuildFile; fileRef = 7F3865CA1D24032F003EBA12 /* NCMBScriptService.m */; };
		7F3866261D24032F003EBA12 /* NCMB_Twitter.m in Sources */ = {isa = PBXBuildFile; fileRef = 7F3865CD1D24032F003EBA12 /* NCMB_Twitter.m */; };
		7F3866271D24032F003EBA12 /* NSMutableURLRequestParameters.m in Sources */ = {isa = PBXBuildFile; fileRef = 7F3865D11D24032F003EBA12 /* NSMutableURLRequestParameters.m */; };
		7F3866281D24032F003EBA12 /* NSStringURLEncoding.m in Sources */ = {isa = PBXBuildFile; fileRef = 7F3865D31D24032F003EBA12 /* NSStringURLEncoding.m */; };
		7F3866291D24032F003EBA12 /* NSURLBase.m in Sources */ = {isa = PBXBuildFile; fileRef = 7F3865D51D24032F003EBA12 /* NSURLBase.m */; };
		7F38662A1D24032F003EBA12 /* Base64Transcoder.c in Sources */ = {isa = PBXBuildFile; fileRef = 7F3865D71D24032F003EBA12 /* Base64Transcoder.c */; };
		7F38662B1D24032F003EBA12 /* hmac.c in Sources */ = {isa = PBXBuildFile; fileRef = 7F3865D91D24032F003EBA12 /* hmac.c */; };
		7F38662C1D24032F003EBA12 /* sha1.c in Sources */ = {isa = PBXBuildFile; fileRef = 7F3865DB1D24032F003EBA12 /* sha1.c */; };
		7F38662D1D24032F003EBA12 /* NCMBOAConsumer.m in Sources */ = {isa = PBXBuildFile; fileRef = 7F3865DE1D24032F003EBA12 /* NCMBOAConsumer.m */; };
		7F38662E1D24032F003EBA12 /* NCMBOADataFetcher.m in Sources */ = {isa = PBXBuildFile; fileRef = 7F3865E01D24032F003EBA12 /* NCMBOADataFetcher.m */; };
		7F38662F1D24032F003EBA12 /* NCMBOAHMAC_SHA1SignatureProvider.m in Sources */ = {isa = PBXBuildFile; fileRef = 7F3865E21D24032F003EBA12 /* NCMBOAHMAC_SHA1SignatureProvider.m */; };
		7F3866301D24032F003EBA12 /* NCMBOAMutableURLRequest.m in Sources */ = {isa = PBXBuildFile; fileRef = 7F3865E41D24032F003EBA12 /* NCMBOAMutableURLRequest.m */; };
		7F3866311D24032F003EBA12 /* NCMBOARequestParameter.m in Sources */ = {isa = PBXBuildFile; fileRef = 7F3865E61D24032F003EBA12 /* NCMBOARequestParameter.m */; };
		7F3866321D24032F003EBA12 /* NCMBOAServiceTicket.m in Sources */ = {isa = PBXBuildFile; fileRef = 7F3865E81D24032F003EBA12 /* NCMBOAServiceTicket.m */; };
		7F3866331D24032F003EBA12 /* NCMBOAToken.m in Sources */ = {isa = PBXBuildFile; fileRef = 7F3865EB1D24032F003EBA12 /* NCMBOAToken.m */; };
		7F3866341D24032F003EBA12 /* NCMBTwitterLoginView.m in Sources */ = {isa = PBXBuildFile; fileRef = 7F3865ED1D24032F003EBA12 /* NCMBTwitterLoginView.m */; };
		7F3866351D24032F003EBA12 /* NCMBTwitterUtils.m in Sources */ = {isa = PBXBuildFile; fileRef = 7F3865EF1D24032F003EBA12 /* NCMBTwitterUtils.m */; };
		7F3866361D24032F003EBA12 /* NCMBURLConnection.m in Sources */ = {isa = PBXBuildFile; fileRef = 7F3865F21D24032F003EBA12 /* NCMBURLConnection.m */; };
		7F3866371D24032F003EBA12 /* NCMBUser.m in Sources */ = {isa = PBXBuildFile; fileRef = 7F3865F41D24032F003EBA12 /* NCMBUser.m */; };
		7F3866381D24032F003EBA12 /* NSDataBase64Encode.m in Sources */ = {isa = PBXBuildFile; fileRef = 7F3865F71D24032F003EBA12 /* NSDataBase64Encode.m */; };
		7F3866391D24032F003EBA12 /* NCMBAddOperation.m in Sources */ = {isa = PBXBuildFile; fileRef = 7F3865FA1D24032F003EBA12 /* NCMBAddOperation.m */; };
		7F38663A1D24032F003EBA12 /* NCMBAddUniqueOperation.m in Sources */ = {isa = PBXBuildFile; fileRef = 7F3865FC1D24032F003EBA12 /* NCMBAddUniqueOperation.m */; };
		7F38663B1D24032F003EBA12 /* NCMBDeleteOperation.m in Sources */ = {isa = PBXBuildFile; fileRef = 7F3865FE1D24032F003EBA12 /* NCMBDeleteOperation.m */; };
		7F38663C1D24032F003EBA12 /* NCMBIncrementOperation.m in Sources */ = {isa = PBXBuildFile; fileRef = 7F3866001D24032F003EBA12 /* NCMBIncrementOperation.m */; };
		7F38663D1D24032F003EBA12 /* NCMBRelationOperation.m in Sources */ = {isa = PBXBuildFile; fileRef = 7F3866021D24032F003EBA12 /* NCMBRelationOperation.m */; };
		7F38663E1D24032F003EBA12 /* NCMBRemoveOperation.m in Sources */ = {isa = PBXBuildFile; fileRef = 7F3866041D24032F003EBA12 /* NCMBRemoveOperation.m */; };
		7F38663F1D24032F003EBA12 /* NCMBSetOperation.m in Sources */ = {isa = PBXBuildFile; fileRef = 7F3866061D24032F003EBA12 /* NCMBSetOperation.m */; };
		7F3866401D24032F003EBA12 /* SubClassHandler.m in Sources */ = {isa = PBXBuildFile; fileRef = 7F38660F1D24032F003EBA12 /* SubClassHandler.m */; };
		7F3866541D241D3C003EBA12 /* ListViewController.swift in Sources */ = {isa = PBXBuildFile; fileRef = 7F3866531D241D3C003EBA12 /* ListViewController.swift */; };
		7F3866571D241F46003EBA12 /* TweetTableViewCell.swift in Sources */ = {isa = PBXBuildFile; fileRef = 7F3866551D241F46003EBA12 /* TweetTableViewCell.swift */; };
		7F3866581D241F46003EBA12 /* TweetTableViewCell.xib in Resources */ = {isa = PBXBuildFile; fileRef = 7F3866561D241F46003EBA12 /* TweetTableViewCell.xib */; };
/* End PBXBuildFile section */

/* Begin PBXContainerItemProxy section */
		7F38657C1D240168003EBA12 /* PBXContainerItemProxy */ = {
			isa = PBXContainerItemProxy;
			containerPortal = 7F38655F1D240168003EBA12 /* Project object */;
			proxyType = 1;
			remoteGlobalIDString = 7F3865661D240168003EBA12;
			remoteInfo = twitterApp;
		};
		7F3865871D240168003EBA12 /* PBXContainerItemProxy */ = {
			isa = PBXContainerItemProxy;
			containerPortal = 7F38655F1D240168003EBA12 /* Project object */;
			proxyType = 1;
			remoteGlobalIDString = 7F3865661D240168003EBA12;
			remoteInfo = twitterApp;
		};
/* End PBXContainerItemProxy section */

/* Begin PBXFileReference section */
		7F3865671D240168003EBA12 /* twitterApp.app */ = {isa = PBXFileReference; explicitFileType = wrapper.application; includeInIndex = 0; path = twitterApp.app; sourceTree = BUILT_PRODUCTS_DIR; };
		7F38656A1D240168003EBA12 /* AppDelegate.swift */ = {isa = PBXFileReference; lastKnownFileType = sourcecode.swift; path = AppDelegate.swift; sourceTree = "<group>"; };
		7F38656C1D240168003EBA12 /* ViewController.swift */ = {isa = PBXFileReference; lastKnownFileType = sourcecode.swift; path = ViewController.swift; sourceTree = "<group>"; };
		7F38656F1D240168003EBA12 /* Base */ = {isa = PBXFileReference; lastKnownFileType = file.storyboard; name = Base; path = Base.lproj/Main.storyboard; sourceTree = "<group>"; };
		7F3865711D240168003EBA12 /* Assets.xcassets */ = {isa = PBXFileReference; lastKnownFileType = folder.assetcatalog; path = Assets.xcassets; sourceTree = "<group>"; };
		7F3865741D240168003EBA12 /* Base */ = {isa = PBXFileReference; lastKnownFileType = file.storyboard; name = Base; path = Base.lproj/LaunchScreen.storyboard; sourceTree = "<group>"; };
		7F3865761D240168003EBA12 /* Info.plist */ = {isa = PBXFileReference; lastKnownFileType = text.plist.xml; path = Info.plist; sourceTree = "<group>"; };
		7F38657B1D240168003EBA12 /* twitterAppTests.xctest */ = {isa = PBXFileReference; explicitFileType = wrapper.cfbundle; includeInIndex = 0; path = twitterAppTests.xctest; sourceTree = BUILT_PRODUCTS_DIR; };
		7F38657F1D240168003EBA12 /* twitterAppTests.swift */ = {isa = PBXFileReference; lastKnownFileType = sourcecode.swift; path = twitterAppTests.swift; sourceTree = "<group>"; };
		7F3865811D240168003EBA12 /* Info.plist */ = {isa = PBXFileReference; lastKnownFileType = text.plist.xml; path = Info.plist; sourceTree = "<group>"; };
		7F3865861D240168003EBA12 /* twitterAppUITests.xctest */ = {isa = PBXFileReference; explicitFileType = wrapper.cfbundle; includeInIndex = 0; path = twitterAppUITests.xctest; sourceTree = BUILT_PRODUCTS_DIR; };
		7F38658A1D240168003EBA12 /* twitterAppUITests.swift */ = {isa = PBXFileReference; lastKnownFileType = sourcecode.swift; path = twitterAppUITests.swift; sourceTree = "<group>"; };
		7F38658C1D240168003EBA12 /* Info.plist */ = {isa = PBXFileReference; lastKnownFileType = text.plist.xml; path = Info.plist; sourceTree = "<group>"; };
		7F38659A1D24032F003EBA12 /* NCMBRequest.h */ = {isa = PBXFileReference; fileEncoding = 4; lastKnownFileType = sourcecode.c.h; path = NCMBRequest.h; sourceTree = "<group>"; };
		7F38659B1D24032F003EBA12 /* NCMBRequest.m */ = {isa = PBXFileReference; fileEncoding = 4; lastKnownFileType = sourcecode.c.objc; path = NCMBRequest.m; sourceTree = "<group>"; };
		7F38659C1D24032F003EBA12 /* NCMB.h */ = {isa = PBXFileReference; fileEncoding = 4; lastKnownFileType = sourcecode.c.h; path = NCMB.h; sourceTree = "<group>"; };
		7F38659D1D24032F003EBA12 /* NCMB.m */ = {isa = PBXFileReference; fileEncoding = 4; lastKnownFileType = sourcecode.c.objc; path = NCMB.m; sourceTree = "<group>"; };
		7F38659E1D24032F003EBA12 /* NCMB_Info.plist */ = {isa = PBXFileReference; fileEncoding = 4; lastKnownFileType = text.plist.xml; path = NCMB_Info.plist; sourceTree = "<group>"; };
		7F38659F1D24032F003EBA12 /* NCMBACL.h */ = {isa = PBXFileReference; fileEncoding = 4; lastKnownFileType = sourcecode.c.h; path = NCMBACL.h; sourceTree = "<group>"; };
		7F3865A01D24032F003EBA12 /* NCMBACL.m */ = {isa = PBXFileReference; fileEncoding = 4; lastKnownFileType = sourcecode.c.objc; path = NCMBACL.m; sourceTree = "<group>"; };
		7F3865A11D24032F003EBA12 /* NCMBAnalytics.h */ = {isa = PBXFileReference; fileEncoding = 4; lastKnownFileType = sourcecode.c.h; path = NCMBAnalytics.h; sourceTree = "<group>"; };
		7F3865A21D24032F003EBA12 /* NCMBAnalytics.m */ = {isa = PBXFileReference; fileEncoding = 4; lastKnownFileType = sourcecode.c.objc; path = NCMBAnalytics.m; sourceTree = "<group>"; };
		7F3865A31D24032F003EBA12 /* NCMBAnonymousUtils.h */ = {isa = PBXFileReference; fileEncoding = 4; lastKnownFileType = sourcecode.c.h; path = NCMBAnonymousUtils.h; sourceTree = "<group>"; };
		7F3865A41D24032F003EBA12 /* NCMBAnonymousUtils.m */ = {isa = PBXFileReference; fileEncoding = 4; lastKnownFileType = sourcecode.c.objc; path = NCMBAnonymousUtils.m; sourceTree = "<group>"; };
		7F3865A51D24032F003EBA12 /* NCMBConstants.h */ = {isa = PBXFileReference; fileEncoding = 4; lastKnownFileType = sourcecode.c.h; path = NCMBConstants.h; sourceTree = "<group>"; };
		7F3865A61D24032F003EBA12 /* NCMBError.h */ = {isa = PBXFileReference; fileEncoding = 4; lastKnownFileType = sourcecode.c.h; path = NCMBError.h; sourceTree = "<group>"; };
		7F3865A71D24032F003EBA12 /* NCMBError.m */ = {isa = PBXFileReference; fileEncoding = 4; lastKnownFileType = sourcecode.c.objc; path = NCMBError.m; sourceTree = "<group>"; };
		7F3865A81D24032F003EBA12 /* NCMBFacebookUtils.h */ = {isa = PBXFileReference; fileEncoding = 4; lastKnownFileType = sourcecode.c.h; path = NCMBFacebookUtils.h; sourceTree = "<group>"; };
		7F3865A91D24032F003EBA12 /* NCMBFacebookUtils.m */ = {isa = PBXFileReference; fileEncoding = 4; lastKnownFileType = sourcecode.c.objc; path = NCMBFacebookUtils.m; sourceTree = "<group>"; };
		7F3865AA1D24032F003EBA12 /* NCMBFile.h */ = {isa = PBXFileReference; fileEncoding = 4; lastKnownFileType = sourcecode.c.h; path = NCMBFile.h; sourceTree = "<group>"; };
		7F3865AB1D24032F003EBA12 /* NCMBFile.m */ = {isa = PBXFileReference; fileEncoding = 4; lastKnownFileType = sourcecode.c.objc; path = NCMBFile.m; sourceTree = "<group>"; };
		7F3865AC1D24032F003EBA12 /* NCMBGeoPoint.h */ = {isa = PBXFileReference; fileEncoding = 4; lastKnownFileType = sourcecode.c.h; path = NCMBGeoPoint.h; sourceTree = "<group>"; };
		7F3865AD1D24032F003EBA12 /* NCMBGeoPoint.m */ = {isa = PBXFileReference; fileEncoding = 4; lastKnownFileType = sourcecode.c.objc; path = NCMBGeoPoint.m; sourceTree = "<group>"; };
		7F3865AE1D24032F003EBA12 /* NCMBGoogleUtils+Private.h */ = {isa = PBXFileReference; fileEncoding = 4; lastKnownFileType = sourcecode.c.h; path = "NCMBGoogleUtils+Private.h"; sourceTree = "<group>"; };
		7F3865AF1D24032F003EBA12 /* NCMBGoogleUtils.h */ = {isa = PBXFileReference; fileEncoding = 4; lastKnownFileType = sourcecode.c.h; path = NCMBGoogleUtils.h; sourceTree = "<group>"; };
		7F3865B01D24032F003EBA12 /* NCMBGoogleUtils.m */ = {isa = PBXFileReference; fileEncoding = 4; lastKnownFileType = sourcecode.c.objc; path = NCMBGoogleUtils.m; sourceTree = "<group>"; };
		7F3865B11D24032F003EBA12 /* NCMBInstallation.h */ = {isa = PBXFileReference; fileEncoding = 4; lastKnownFileType = sourcecode.c.h; path = NCMBInstallation.h; sourceTree = "<group>"; };
		7F3865B21D24032F003EBA12 /* NCMBInstallation.m */ = {isa = PBXFileReference; fileEncoding = 4; lastKnownFileType = sourcecode.c.objc; path = NCMBInstallation.m; sourceTree = "<group>"; };
		7F3865B31D24032F003EBA12 /* NCMBObject+Subclass.h */ = {isa = PBXFileReference; fileEncoding = 4; lastKnownFileType = sourcecode.c.h; path = "NCMBObject+Subclass.h"; sourceTree = "<group>"; };
		7F3865B41D24032F003EBA12 /* NCMBObject.h */ = {isa = PBXFileReference; fileEncoding = 4; lastKnownFileType = sourcecode.c.h; path = NCMBObject.h; sourceTree = "<group>"; };
		7F3865B51D24032F003EBA12 /* NCMBObject.m */ = {isa = PBXFileReference; fileEncoding = 4; lastKnownFileType = sourcecode.c.objc; path = NCMBObject.m; sourceTree = "<group>"; };
		7F3865B61D24032F003EBA12 /* NCMBPush.h */ = {isa = PBXFileReference; fileEncoding = 4; lastKnownFileType = sourcecode.c.h; path = NCMBPush.h; sourceTree = "<group>"; };
		7F3865B71D24032F003EBA12 /* NCMBPush.m */ = {isa = PBXFileReference; fileEncoding = 4; lastKnownFileType = sourcecode.c.objc; path = NCMBPush.m; sourceTree = "<group>"; };
		7F3865B81D24032F003EBA12 /* NCMBQuery.h */ = {isa = PBXFileReference; fileEncoding = 4; lastKnownFileType = sourcecode.c.h; path = NCMBQuery.h; sourceTree = "<group>"; };
		7F3865B91D24032F003EBA12 /* NCMBQuery.m */ = {isa = PBXFileReference; fileEncoding = 4; lastKnownFileType = sourcecode.c.objc; path = NCMBQuery.m; sourceTree = "<group>"; };
		7F3865BB1D24032F003EBA12 /* NCMBReachability.h */ = {isa = PBXFileReference; fileEncoding = 4; lastKnownFileType = sourcecode.c.h; path = NCMBReachability.h; sourceTree = "<group>"; };
		7F3865BC1D24032F003EBA12 /* NCMBReachability.m */ = {isa = PBXFileReference; fileEncoding = 4; lastKnownFileType = sourcecode.c.objc; path = NCMBReachability.m; sourceTree = "<group>"; };
		7F3865BD1D24032F003EBA12 /* NCMBRelation.h */ = {isa = PBXFileReference; fileEncoding = 4; lastKnownFileType = sourcecode.c.h; path = NCMBRelation.h; sourceTree = "<group>"; };
		7F3865BE1D24032F003EBA12 /* NCMBRelation.m */ = {isa = PBXFileReference; fileEncoding = 4; lastKnownFileType = sourcecode.c.objc; path = NCMBRelation.m; sourceTree = "<group>"; };
		7F3865C01D24032F003EBA12 /* NCMBCloseImageView.h */ = {isa = PBXFileReference; fileEncoding = 4; lastKnownFileType = sourcecode.c.h; path = NCMBCloseImageView.h; sourceTree = "<group>"; };
		7F3865C11D24032F003EBA12 /* NCMBCloseImageView.m */ = {isa = PBXFileReference; fileEncoding = 4; lastKnownFileType = sourcecode.c.objc; path = NCMBCloseImageView.m; sourceTree = "<group>"; };
		7F3865C21D24032F003EBA12 /* NCMBRichPushView.h */ = {isa = PBXFileReference; fileEncoding = 4; lastKnownFileType = sourcecode.c.h; path = NCMBRichPushView.h; sourceTree = "<group>"; };
		7F3865C31D24032F003EBA12 /* NCMBRichPushView.m */ = {isa = PBXFileReference; fileEncoding = 4; lastKnownFileType = sourcecode.c.objc; path = NCMBRichPushView.m; sourceTree = "<group>"; };
		7F3865C41D24032F003EBA12 /* NCMBRole.h */ = {isa = PBXFileReference; fileEncoding = 4; lastKnownFileType = sourcecode.c.h; path = NCMBRole.h; sourceTree = "<group>"; };
		7F3865C51D24032F003EBA12 /* NCMBRole.m */ = {isa = PBXFileReference; fileEncoding = 4; lastKnownFileType = sourcecode.c.objc; path = NCMBRole.m; sourceTree = "<group>"; };
		7F3865C61D24032F003EBA12 /* NCMBScript.h */ = {isa = PBXFileReference; fileEncoding = 4; lastKnownFileType = sourcecode.c.h; path = NCMBScript.h; sourceTree = "<group>"; };
		7F3865C71D24032F003EBA12 /* NCMBScript.m */ = {isa = PBXFileReference; fileEncoding = 4; lastKnownFileType = sourcecode.c.objc; path = NCMBScript.m; sourceTree = "<group>"; };
		7F3865C91D24032F003EBA12 /* NCMBScriptService.h */ = {isa = PBXFileReference; fileEncoding = 4; lastKnownFileType = sourcecode.c.h; path = NCMBScriptService.h; sourceTree = "<group>"; };
		7F3865CA1D24032F003EBA12 /* NCMBScriptService.m */ = {isa = PBXFileReference; fileEncoding = 4; lastKnownFileType = sourcecode.c.objc; path = NCMBScriptService.m; sourceTree = "<group>"; };
		7F3865CB1D24032F003EBA12 /* NCMBSubclassing.h */ = {isa = PBXFileReference; fileEncoding = 4; lastKnownFileType = sourcecode.c.h; path = NCMBSubclassing.h; sourceTree = "<group>"; };
		7F3865CD1D24032F003EBA12 /* NCMB_Twitter.m */ = {isa = PBXFileReference; fileEncoding = 4; lastKnownFileType = sourcecode.c.objc; path = NCMB_Twitter.m; sourceTree = "<group>"; };
		7F3865D01D24032F003EBA12 /* NSMutableURLRequestParameters.h */ = {isa = PBXFileReference; fileEncoding = 4; lastKnownFileType = sourcecode.c.h; path = NSMutableURLRequestParameters.h; sourceTree = "<group>"; };
		7F3865D11D24032F003EBA12 /* NSMutableURLRequestParameters.m */ = {isa = PBXFileReference; fileEncoding = 4; lastKnownFileType = sourcecode.c.objc; path = NSMutableURLRequestParameters.m; sourceTree = "<group>"; };
		7F3865D21D24032F003EBA12 /* NSStringURLEncoding.h */ = {isa = PBXFileReference; fileEncoding = 4; lastKnownFileType = sourcecode.c.h; path = NSStringURLEncoding.h; sourceTree = "<group>"; };
		7F3865D31D24032F003EBA12 /* NSStringURLEncoding.m */ = {isa = PBXFileReference; fileEncoding = 4; lastKnownFileType = sourcecode.c.objc; path = NSStringURLEncoding.m; sourceTree = "<group>"; };
		7F3865D41D24032F003EBA12 /* NSURLBase.h */ = {isa = PBXFileReference; fileEncoding = 4; lastKnownFileType = sourcecode.c.h; path = NSURLBase.h; sourceTree = "<group>"; };
		7F3865D51D24032F003EBA12 /* NSURLBase.m */ = {isa = PBXFileReference; fileEncoding = 4; lastKnownFileType = sourcecode.c.objc; path = NSURLBase.m; sourceTree = "<group>"; };
		7F3865D71D24032F003EBA12 /* Base64Transcoder.c */ = {isa = PBXFileReference; fileEncoding = 4; lastKnownFileType = sourcecode.c.c; path = Base64Transcoder.c; sourceTree = "<group>"; };
		7F3865D81D24032F003EBA12 /* Base64Transcoder.h */ = {isa = PBXFileReference; fileEncoding = 4; lastKnownFileType = sourcecode.c.h; path = Base64Transcoder.h; sourceTree = "<group>"; };
		7F3865D91D24032F003EBA12 /* hmac.c */ = {isa = PBXFileReference; fileEncoding = 4; lastKnownFileType = sourcecode.c.c; path = hmac.c; sourceTree = "<group>"; };
		7F3865DA1D24032F003EBA12 /* hmac.h */ = {isa = PBXFileReference; fileEncoding = 4; lastKnownFileType = sourcecode.c.h; path = hmac.h; sourceTree = "<group>"; };
		7F3865DB1D24032F003EBA12 /* sha1.c */ = {isa = PBXFileReference; fileEncoding = 4; lastKnownFileType = sourcecode.c.c; path = sha1.c; sourceTree = "<group>"; };
		7F3865DC1D24032F003EBA12 /* sha1.h */ = {isa = PBXFileReference; fileEncoding = 4; lastKnownFileType = sourcecode.c.h; path = sha1.h; sourceTree = "<group>"; };
		7F3865DD1D24032F003EBA12 /* NCMBOAConsumer.h */ = {isa = PBXFileReference; fileEncoding = 4; lastKnownFileType = sourcecode.c.h; path = NCMBOAConsumer.h; sourceTree = "<group>"; };
		7F3865DE1D24032F003EBA12 /* NCMBOAConsumer.m */ = {isa = PBXFileReference; fileEncoding = 4; lastKnownFileType = sourcecode.c.objc; path = NCMBOAConsumer.m; sourceTree = "<group>"; };
		7F3865DF1D24032F003EBA12 /* NCMBOADataFetcher.h */ = {isa = PBXFileReference; fileEncoding = 4; lastKnownFileType = sourcecode.c.h; path = NCMBOADataFetcher.h; sourceTree = "<group>"; };
		7F3865E01D24032F003EBA12 /* NCMBOADataFetcher.m */ = {isa = PBXFileReference; fileEncoding = 4; lastKnownFileType = sourcecode.c.objc; path = NCMBOADataFetcher.m; sourceTree = "<group>"; };
		7F3865E11D24032F003EBA12 /* NCMBOAHMAC_SHA1SignatureProvider.h */ = {isa = PBXFileReference; fileEncoding = 4; lastKnownFileType = sourcecode.c.h; path = NCMBOAHMAC_SHA1SignatureProvider.h; sourceTree = "<group>"; };
		7F3865E21D24032F003EBA12 /* NCMBOAHMAC_SHA1SignatureProvider.m */ = {isa = PBXFileReference; fileEncoding = 4; lastKnownFileType = sourcecode.c.objc; path = NCMBOAHMAC_SHA1SignatureProvider.m; sourceTree = "<group>"; };
		7F3865E31D24032F003EBA12 /* NCMBOAMutableURLRequest.h */ = {isa = PBXFileReference; fileEncoding = 4; lastKnownFileType = sourcecode.c.h; path = NCMBOAMutableURLRequest.h; sourceTree = "<group>"; };
		7F3865E41D24032F003EBA12 /* NCMBOAMutableURLRequest.m */ = {isa = PBXFileReference; fileEncoding = 4; lastKnownFileType = sourcecode.c.objc; path = NCMBOAMutableURLRequest.m; sourceTree = "<group>"; };
		7F3865E51D24032F003EBA12 /* NCMBOARequestParameter.h */ = {isa = PBXFileReference; fileEncoding = 4; lastKnownFileType = sourcecode.c.h; path = NCMBOARequestParameter.h; sourceTree = "<group>"; };
		7F3865E61D24032F003EBA12 /* NCMBOARequestParameter.m */ = {isa = PBXFileReference; fileEncoding = 4; lastKnownFileType = sourcecode.c.objc; path = NCMBOARequestParameter.m; sourceTree = "<group>"; };
		7F3865E71D24032F003EBA12 /* NCMBOAServiceTicket.h */ = {isa = PBXFileReference; fileEncoding = 4; lastKnownFileType = sourcecode.c.h; path = NCMBOAServiceTicket.h; sourceTree = "<group>"; };
		7F3865E81D24032F003EBA12 /* NCMBOAServiceTicket.m */ = {isa = PBXFileReference; fileEncoding = 4; lastKnownFileType = sourcecode.c.objc; path = NCMBOAServiceTicket.m; sourceTree = "<group>"; };
		7F3865E91D24032F003EBA12 /* NCMBOASignatureProviding.h */ = {isa = PBXFileReference; fileEncoding = 4; lastKnownFileType = sourcecode.c.h; path = NCMBOASignatureProviding.h; sourceTree = "<group>"; };
		7F3865EA1D24032F003EBA12 /* NCMBOAToken.h */ = {isa = PBXFileReference; fileEncoding = 4; lastKnownFileType = sourcecode.c.h; path = NCMBOAToken.h; sourceTree = "<group>"; };
		7F3865EB1D24032F003EBA12 /* NCMBOAToken.m */ = {isa = PBXFileReference; fileEncoding = 4; lastKnownFileType = sourcecode.c.objc; path = NCMBOAToken.m; sourceTree = "<group>"; };
		7F3865EC1D24032F003EBA12 /* NCMBTwitterLoginView.h */ = {isa = PBXFileReference; fileEncoding = 4; lastKnownFileType = sourcecode.c.h; path = NCMBTwitterLoginView.h; sourceTree = "<group>"; };
		7F3865ED1D24032F003EBA12 /* NCMBTwitterLoginView.m */ = {isa = PBXFileReference; fileEncoding = 4; lastKnownFileType = sourcecode.c.objc; path = NCMBTwitterLoginView.m; sourceTree = "<group>"; };
		7F3865EE1D24032F003EBA12 /* NCMBTwitterUtils.h */ = {isa = PBXFileReference; fileEncoding = 4; lastKnownFileType = sourcecode.c.h; path = NCMBTwitterUtils.h; sourceTree = "<group>"; };
		7F3865EF1D24032F003EBA12 /* NCMBTwitterUtils.m */ = {isa = PBXFileReference; fileEncoding = 4; lastKnownFileType = sourcecode.c.objc; path = NCMBTwitterUtils.m; sourceTree = "<group>"; };
		7F3865F11D24032F003EBA12 /* NCMBURLConnection.h */ = {isa = PBXFileReference; fileEncoding = 4; lastKnownFileType = sourcecode.c.h; path = NCMBURLConnection.h; sourceTree = "<group>"; };
		7F3865F21D24032F003EBA12 /* NCMBURLConnection.m */ = {isa = PBXFileReference; fileEncoding = 4; lastKnownFileType = sourcecode.c.objc; path = NCMBURLConnection.m; sourceTree = "<group>"; };
		7F3865F31D24032F003EBA12 /* NCMBUser.h */ = {isa = PBXFileReference; fileEncoding = 4; lastKnownFileType = sourcecode.c.h; path = NCMBUser.h; sourceTree = "<group>"; };
		7F3865F41D24032F003EBA12 /* NCMBUser.m */ = {isa = PBXFileReference; fileEncoding = 4; lastKnownFileType = sourcecode.c.objc; path = NCMBUser.m; sourceTree = "<group>"; };
		7F3865F61D24032F003EBA12 /* NSDataBase64Encode.h */ = {isa = PBXFileReference; fileEncoding = 4; lastKnownFileType = sourcecode.c.h; path = NSDataBase64Encode.h; sourceTree = "<group>"; };
		7F3865F71D24032F003EBA12 /* NSDataBase64Encode.m */ = {isa = PBXFileReference; fileEncoding = 4; lastKnownFileType = sourcecode.c.objc; path = NSDataBase64Encode.m; sourceTree = "<group>"; };
		7F3865F91D24032F003EBA12 /* NCMBAddOperation.h */ = {isa = PBXFileReference; fileEncoding = 4; lastKnownFileType = sourcecode.c.h; path = NCMBAddOperation.h; sourceTree = "<group>"; };
		7F3865FA1D24032F003EBA12 /* NCMBAddOperation.m */ = {isa = PBXFileReference; fileEncoding = 4; lastKnownFileType = sourcecode.c.objc; path = NCMBAddOperation.m; sourceTree = "<group>"; };
		7F3865FB1D24032F003EBA12 /* NCMBAddUniqueOperation.h */ = {isa = PBXFileReference; fileEncoding = 4; lastKnownFileType = sourcecode.c.h; path = NCMBAddUniqueOperation.h; sourceTree = "<group>"; };
		7F3865FC1D24032F003EBA12 /* NCMBAddUniqueOperation.m */ = {isa = PBXFileReference; fileEncoding = 4; lastKnownFileType = sourcecode.c.objc; path = NCMBAddUniqueOperation.m; sourceTree = "<group>"; };
		7F3865FD1D24032F003EBA12 /* NCMBDeleteOperation.h */ = {isa = PBXFileReference; fileEncoding = 4; lastKnownFileType = sourcecode.c.h; path = NCMBDeleteOperation.h; sourceTree = "<group>"; };
		7F3865FE1D24032F003EBA12 /* NCMBDeleteOperation.m */ = {isa = PBXFileReference; fileEncoding = 4; lastKnownFileType = sourcecode.c.objc; path = NCMBDeleteOperation.m; sourceTree = "<group>"; };
		7F3865FF1D24032F003EBA12 /* NCMBIncrementOperation.h */ = {isa = PBXFileReference; fileEncoding = 4; lastKnownFileType = sourcecode.c.h; path = NCMBIncrementOperation.h; sourceTree = "<group>"; };
		7F3866001D24032F003EBA12 /* NCMBIncrementOperation.m */ = {isa = PBXFileReference; fileEncoding = 4; lastKnownFileType = sourcecode.c.objc; path = NCMBIncrementOperation.m; sourceTree = "<group>"; };
		7F3866011D24032F003EBA12 /* NCMBRelationOperation.h */ = {isa = PBXFileReference; fileEncoding = 4; lastKnownFileType = sourcecode.c.h; path = NCMBRelationOperation.h; sourceTree = "<group>"; };
		7F3866021D24032F003EBA12 /* NCMBRelationOperation.m */ = {isa = PBXFileReference; fileEncoding = 4; lastKnownFileType = sourcecode.c.objc; path = NCMBRelationOperation.m; sourceTree = "<group>"; };
		7F3866031D24032F003EBA12 /* NCMBRemoveOperation.h */ = {isa = PBXFileReference; fileEncoding = 4; lastKnownFileType = sourcecode.c.h; path = NCMBRemoveOperation.h; sourceTree = "<group>"; };
		7F3866041D24032F003EBA12 /* NCMBRemoveOperation.m */ = {isa = PBXFileReference; fileEncoding = 4; lastKnownFileType = sourcecode.c.objc; path = NCMBRemoveOperation.m; sourceTree = "<group>"; };
		7F3866051D24032F003EBA12 /* NCMBSetOperation.h */ = {isa = PBXFileReference; fileEncoding = 4; lastKnownFileType = sourcecode.c.h; path = NCMBSetOperation.h; sourceTree = "<group>"; };
		7F3866061D24032F003EBA12 /* NCMBSetOperation.m */ = {isa = PBXFileReference; fileEncoding = 4; lastKnownFileType = sourcecode.c.objc; path = NCMBSetOperation.m; sourceTree = "<group>"; };
		7F3866081D24032F003EBA12 /* NCMBFacebookUtils+Private.h */ = {isa = PBXFileReference; fileEncoding = 4; lastKnownFileType = sourcecode.c.h; path = "NCMBFacebookUtils+Private.h"; sourceTree = "<group>"; };
		7F3866091D24032F003EBA12 /* NCMBObject+Private.h */ = {isa = PBXFileReference; fileEncoding = 4; lastKnownFileType = sourcecode.c.h; path = "NCMBObject+Private.h"; sourceTree = "<group>"; };
		7F38660A1D24032F003EBA12 /* NCMBQuery+Private.h */ = {isa = PBXFileReference; fileEncoding = 4; lastKnownFileType = sourcecode.c.h; path = "NCMBQuery+Private.h"; sourceTree = "<group>"; };
		7F38660B1D24032F003EBA12 /* NCMBRelation+Private.h */ = {isa = PBXFileReference; fileEncoding = 4; lastKnownFileType = sourcecode.c.h; path = "NCMBRelation+Private.h"; sourceTree = "<group>"; };
		7F38660C1D24032F003EBA12 /* NCMBUser+Private.h */ = {isa = PBXFileReference; fileEncoding = 4; lastKnownFileType = sourcecode.c.h; path = "NCMBUser+Private.h"; sourceTree = "<group>"; };
		7F38660E1D24032F003EBA12 /* SubClassHandler.h */ = {isa = PBXFileReference; fileEncoding = 4; lastKnownFileType = sourcecode.c.h; path = SubClassHandler.h; sourceTree = "<group>"; };
		7F38660F1D24032F003EBA12 /* SubClassHandler.m */ = {isa = PBXFileReference; fileEncoding = 4; lastKnownFileType = sourcecode.c.objc; path = SubClassHandler.m; sourceTree = "<group>"; };
		7F3866521D2419BC003EBA12 /* Bridge-Header.h */ = {isa = PBXFileReference; fileEncoding = 4; lastKnownFileType = sourcecode.c.h; path = "Bridge-Header.h"; sourceTree = "<group>"; };
		7F3866531D241D3C003EBA12 /* ListViewController.swift */ = {isa = PBXFileReference; fileEncoding = 4; lastKnownFileType = sourcecode.swift; path = ListViewController.swift; sourceTree = "<group>"; };
		7F3866551D241F46003EBA12 /* TweetTableViewCell.swift */ = {isa = PBXFileReference; fileEncoding = 4; lastKnownFileType = sourcecode.swift; name = TweetTableViewCell.swift; path = ../TweetTableViewCell.swift; sourceTree = "<group>"; };
		7F3866561D241F46003EBA12 /* TweetTableViewCell.xib */ = {isa = PBXFileReference; fileEncoding = 4; lastKnownFileType = file.xib; name = TweetTableViewCell.xib; path = ../TweetTableViewCell.xib; sourceTree = "<group>"; };
/* End PBXFileReference section */

/* Begin PBXFrameworksBuildPhase section */
		7F3865641D240168003EBA12 /* Frameworks */ = {
			isa = PBXFrameworksBuildPhase;
			buildActionMask = 2147483647;
			files = (
			);
			runOnlyForDeploymentPostprocessing = 0;
		};
		7F3865781D240168003EBA12 /* Frameworks */ = {
			isa = PBXFrameworksBuildPhase;
			buildActionMask = 2147483647;
			files = (
			);
			runOnlyForDeploymentPostprocessing = 0;
		};
		7F3865831D240168003EBA12 /* Frameworks */ = {
			isa = PBXFrameworksBuildPhase;
			buildActionMask = 2147483647;
			files = (
			);
			runOnlyForDeploymentPostprocessing = 0;
		};
/* End PBXFrameworksBuildPhase section */

/* Begin PBXGroup section */
		7F38655E1D240168003EBA12 = {
			isa = PBXGroup;
			children = (
				7F3865691D240168003EBA12 /* twitterApp */,
				7F38657E1D240168003EBA12 /* twitterAppTests */,
				7F3865891D240168003EBA12 /* twitterAppUITests */,
				7F3865681D240168003EBA12 /* Products */,
			);
			sourceTree = "<group>";
		};
		7F3865681D240168003EBA12 /* Products */ = {
			isa = PBXGroup;
			children = (
				7F3865671D240168003EBA12 /* twitterApp.app */,
				7F38657B1D240168003EBA12 /* twitterAppTests.xctest */,
				7F3865861D240168003EBA12 /* twitterAppUITests.xctest */,
			);
			name = Products;
			sourceTree = "<group>";
		};
		7F3865691D240168003EBA12 /* twitterApp */ = {
			isa = PBXGroup;
			children = (
				7F3865981D24032F003EBA12 /* NCMB */,
				7F38656A1D240168003EBA12 /* AppDelegate.swift */,
				7F3866551D241F46003EBA12 /* TweetTableViewCell.swift */,
				7F3866561D241F46003EBA12 /* TweetTableViewCell.xib */,
				7F38656C1D240168003EBA12 /* ViewController.swift */,
				7F38656E1D240168003EBA12 /* Main.storyboard */,
				7F3865711D240168003EBA12 /* Assets.xcassets */,
				7F3865731D240168003EBA12 /* LaunchScreen.storyboard */,
				7F3865761D240168003EBA12 /* Info.plist */,
				7F3866521D2419BC003EBA12 /* Bridge-Header.h */,
				7F3866531D241D3C003EBA12 /* ListViewController.swift */,
			);
			path = twitterApp;
			sourceTree = "<group>";
		};
		7F38657E1D240168003EBA12 /* twitterAppTests */ = {
			isa = PBXGroup;
			children = (
				7F38657F1D240168003EBA12 /* twitterAppTests.swift */,
				7F3865811D240168003EBA12 /* Info.plist */,
			);
			path = twitterAppTests;
			sourceTree = "<group>";
		};
		7F3865891D240168003EBA12 /* twitterAppUITests */ = {
			isa = PBXGroup;
			children = (
				7F38658A1D240168003EBA12 /* twitterAppUITests.swift */,
				7F38658C1D240168003EBA12 /* Info.plist */,
			);
			path = twitterAppUITests;
			sourceTree = "<group>";
		};
		7F3865981D24032F003EBA12 /* NCMB */ = {
			isa = PBXGroup;
			children = (
				7F3865991D24032F003EBA12 /* NCBMRequest */,
				7F38659C1D24032F003EBA12 /* NCMB.h */,
				7F38659D1D24032F003EBA12 /* NCMB.m */,
				7F38659E1D24032F003EBA12 /* NCMB_Info.plist */,
				7F38659F1D24032F003EBA12 /* NCMBACL.h */,
				7F3865A01D24032F003EBA12 /* NCMBACL.m */,
				7F3865A11D24032F003EBA12 /* NCMBAnalytics.h */,
				7F3865A21D24032F003EBA12 /* NCMBAnalytics.m */,
				7F3865A31D24032F003EBA12 /* NCMBAnonymousUtils.h */,
				7F3865A41D24032F003EBA12 /* NCMBAnonymousUtils.m */,
				7F3865A51D24032F003EBA12 /* NCMBConstants.h */,
				7F3865A61D24032F003EBA12 /* NCMBError.h */,
				7F3865A71D24032F003EBA12 /* NCMBError.m */,
				7F3865A81D24032F003EBA12 /* NCMBFacebookUtils.h */,
				7F3865A91D24032F003EBA12 /* NCMBFacebookUtils.m */,
				7F3865AA1D24032F003EBA12 /* NCMBFile.h */,
				7F3865AB1D24032F003EBA12 /* NCMBFile.m */,
				7F3865AC1D24032F003EBA12 /* NCMBGeoPoint.h */,
				7F3865AD1D24032F003EBA12 /* NCMBGeoPoint.m */,
				7F3865AE1D24032F003EBA12 /* NCMBGoogleUtils+Private.h */,
				7F3865AF1D24032F003EBA12 /* NCMBGoogleUtils.h */,
				7F3865B01D24032F003EBA12 /* NCMBGoogleUtils.m */,
				7F3865B11D24032F003EBA12 /* NCMBInstallation.h */,
				7F3865B21D24032F003EBA12 /* NCMBInstallation.m */,
				7F3865B31D24032F003EBA12 /* NCMBObject+Subclass.h */,
				7F3865B41D24032F003EBA12 /* NCMBObject.h */,
				7F3865B51D24032F003EBA12 /* NCMBObject.m */,
				7F3865B61D24032F003EBA12 /* NCMBPush.h */,
				7F3865B71D24032F003EBA12 /* NCMBPush.m */,
				7F3865B81D24032F003EBA12 /* NCMBQuery.h */,
				7F3865B91D24032F003EBA12 /* NCMBQuery.m */,
				7F3865BA1D24032F003EBA12 /* NCMBReachability */,
				7F3865BD1D24032F003EBA12 /* NCMBRelation.h */,
				7F3865BE1D24032F003EBA12 /* NCMBRelation.m */,
				7F3865BF1D24032F003EBA12 /* NCMBRichPush */,
				7F3865C41D24032F003EBA12 /* NCMBRole.h */,
				7F3865C51D24032F003EBA12 /* NCMBRole.m */,
				7F3865C61D24032F003EBA12 /* NCMBScript.h */,
				7F3865C71D24032F003EBA12 /* NCMBScript.m */,
				7F3865C81D24032F003EBA12 /* NCMBScriptService */,
				7F3865CB1D24032F003EBA12 /* NCMBSubclassing.h */,
				7F3865CC1D24032F003EBA12 /* NCMBTwitter */,
				7F3865EE1D24032F003EBA12 /* NCMBTwitterUtils.h */,
				7F3865EF1D24032F003EBA12 /* NCMBTwitterUtils.m */,
				7F3865F01D24032F003EBA12 /* NCMBURLConnection */,
				7F3865F31D24032F003EBA12 /* NCMBUser.h */,
				7F3865F41D24032F003EBA12 /* NCMBUser.m */,
				7F3865F51D24032F003EBA12 /* NSDataBase64Encode */,
				7F3865F81D24032F003EBA12 /* Operations */,
				7F3866071D24032F003EBA12 /* PrivateHeaders */,
				7F38660D1D24032F003EBA12 /* SubClassHandler */,
			);
			path = NCMB;
			sourceTree = "<group>";
		};
		7F3865991D24032F003EBA12 /* NCBMRequest */ = {
			isa = PBXGroup;
			children = (
				7F38659A1D24032F003EBA12 /* NCMBRequest.h */,
				7F38659B1D24032F003EBA12 /* NCMBRequest.m */,
			);
			path = NCBMRequest;
			sourceTree = "<group>";
		};
		7F3865BA1D24032F003EBA12 /* NCMBReachability */ = {
			isa = PBXGroup;
			children = (
				7F3865BB1D24032F003EBA12 /* NCMBReachability.h */,
				7F3865BC1D24032F003EBA12 /* NCMBReachability.m */,
			);
			path = NCMBReachability;
			sourceTree = "<group>";
		};
		7F3865BF1D24032F003EBA12 /* NCMBRichPush */ = {
			isa = PBXGroup;
			children = (
				7F3865C01D24032F003EBA12 /* NCMBCloseImageView.h */,
				7F3865C11D24032F003EBA12 /* NCMBCloseImageView.m */,
				7F3865C21D24032F003EBA12 /* NCMBRichPushView.h */,
				7F3865C31D24032F003EBA12 /* NCMBRichPushView.m */,
			);
			path = NCMBRichPush;
			sourceTree = "<group>";
		};
		7F3865C81D24032F003EBA12 /* NCMBScriptService */ = {
			isa = PBXGroup;
			children = (
				7F3865C91D24032F003EBA12 /* NCMBScriptService.h */,
				7F3865CA1D24032F003EBA12 /* NCMBScriptService.m */,
			);
			path = NCMBScriptService;
			sourceTree = "<group>";
		};
		7F3865CC1D24032F003EBA12 /* NCMBTwitter */ = {
			isa = PBXGroup;
			children = (
				7F3865CD1D24032F003EBA12 /* NCMB_Twitter.m */,
				7F3865CE1D24032F003EBA12 /* NCMBOAConsumer */,
				7F3865EC1D24032F003EBA12 /* NCMBTwitterLoginView.h */,
				7F3865ED1D24032F003EBA12 /* NCMBTwitterLoginView.m */,
			);
			path = NCMBTwitter;
			sourceTree = "<group>";
		};
		7F3865CE1D24032F003EBA12 /* NCMBOAConsumer */ = {
			isa = PBXGroup;
			children = (
				7F3865CF1D24032F003EBA12 /* Categories */,
				7F3865D61D24032F003EBA12 /* Crypto */,
				7F3865DD1D24032F003EBA12 /* NCMBOAConsumer.h */,
				7F3865DE1D24032F003EBA12 /* NCMBOAConsumer.m */,
				7F3865DF1D24032F003EBA12 /* NCMBOADataFetcher.h */,
				7F3865E01D24032F003EBA12 /* NCMBOADataFetcher.m */,
				7F3865E11D24032F003EBA12 /* NCMBOAHMAC_SHA1SignatureProvider.h */,
				7F3865E21D24032F003EBA12 /* NCMBOAHMAC_SHA1SignatureProvider.m */,
				7F3865E31D24032F003EBA12 /* NCMBOAMutableURLRequest.h */,
				7F3865E41D24032F003EBA12 /* NCMBOAMutableURLRequest.m */,
				7F3865E51D24032F003EBA12 /* NCMBOARequestParameter.h */,
				7F3865E61D24032F003EBA12 /* NCMBOARequestParameter.m */,
				7F3865E71D24032F003EBA12 /* NCMBOAServiceTicket.h */,
				7F3865E81D24032F003EBA12 /* NCMBOAServiceTicket.m */,
				7F3865E91D24032F003EBA12 /* NCMBOASignatureProviding.h */,
				7F3865EA1D24032F003EBA12 /* NCMBOAToken.h */,
				7F3865EB1D24032F003EBA12 /* NCMBOAToken.m */,
			);
			path = NCMBOAConsumer;
			sourceTree = "<group>";
		};
		7F3865CF1D24032F003EBA12 /* Categories */ = {
			isa = PBXGroup;
			children = (
				7F3865D01D24032F003EBA12 /* NSMutableURLRequestParameters.h */,
				7F3865D11D24032F003EBA12 /* NSMutableURLRequestParameters.m */,
				7F3865D21D24032F003EBA12 /* NSStringURLEncoding.h */,
				7F3865D31D24032F003EBA12 /* NSStringURLEncoding.m */,
				7F3865D41D24032F003EBA12 /* NSURLBase.h */,
				7F3865D51D24032F003EBA12 /* NSURLBase.m */,
			);
			path = Categories;
			sourceTree = "<group>";
		};
		7F3865D61D24032F003EBA12 /* Crypto */ = {
			isa = PBXGroup;
			children = (
				7F3865D71D24032F003EBA12 /* Base64Transcoder.c */,
				7F3865D81D24032F003EBA12 /* Base64Transcoder.h */,
				7F3865D91D24032F003EBA12 /* hmac.c */,
				7F3865DA1D24032F003EBA12 /* hmac.h */,
				7F3865DB1D24032F003EBA12 /* sha1.c */,
				7F3865DC1D24032F003EBA12 /* sha1.h */,
			);
			path = Crypto;
			sourceTree = "<group>";
		};
		7F3865F01D24032F003EBA12 /* NCMBURLConnection */ = {
			isa = PBXGroup;
			children = (
				7F3865F11D24032F003EBA12 /* NCMBURLConnection.h */,
				7F3865F21D24032F003EBA12 /* NCMBURLConnection.m */,
			);
			path = NCMBURLConnection;
			sourceTree = "<group>";
		};
		7F3865F51D24032F003EBA12 /* NSDataBase64Encode */ = {
			isa = PBXGroup;
			children = (
				7F3865F61D24032F003EBA12 /* NSDataBase64Encode.h */,
				7F3865F71D24032F003EBA12 /* NSDataBase64Encode.m */,
			);
			path = NSDataBase64Encode;
			sourceTree = "<group>";
		};
		7F3865F81D24032F003EBA12 /* Operations */ = {
			isa = PBXGroup;
			children = (
				7F3865F91D24032F003EBA12 /* NCMBAddOperation.h */,
				7F3865FA1D24032F003EBA12 /* NCMBAddOperation.m */,
				7F3865FB1D24032F003EBA12 /* NCMBAddUniqueOperation.h */,
				7F3865FC1D24032F003EBA12 /* NCMBAddUniqueOperation.m */,
				7F3865FD1D24032F003EBA12 /* NCMBDeleteOperation.h */,
				7F3865FE1D24032F003EBA12 /* NCMBDeleteOperation.m */,
				7F3865FF1D24032F003EBA12 /* NCMBIncrementOperation.h */,
				7F3866001D24032F003EBA12 /* NCMBIncrementOperation.m */,
				7F3866011D24032F003EBA12 /* NCMBRelationOperation.h */,
				7F3866021D24032F003EBA12 /* NCMBRelationOperation.m */,
				7F3866031D24032F003EBA12 /* NCMBRemoveOperation.h */,
				7F3866041D24032F003EBA12 /* NCMBRemoveOperation.m */,
				7F3866051D24032F003EBA12 /* NCMBSetOperation.h */,
				7F3866061D24032F003EBA12 /* NCMBSetOperation.m */,
			);
			path = Operations;
			sourceTree = "<group>";
		};
		7F3866071D24032F003EBA12 /* PrivateHeaders */ = {
			isa = PBXGroup;
			children = (
				7F3866081D24032F003EBA12 /* NCMBFacebookUtils+Private.h */,
				7F3866091D24032F003EBA12 /* NCMBObject+Private.h */,
				7F38660A1D24032F003EBA12 /* NCMBQuery+Private.h */,
				7F38660B1D24032F003EBA12 /* NCMBRelation+Private.h */,
				7F38660C1D24032F003EBA12 /* NCMBUser+Private.h */,
			);
			path = PrivateHeaders;
			sourceTree = "<group>";
		};
		7F38660D1D24032F003EBA12 /* SubClassHandler */ = {
			isa = PBXGroup;
			children = (
				7F38660E1D24032F003EBA12 /* SubClassHandler.h */,
				7F38660F1D24032F003EBA12 /* SubClassHandler.m */,
			);
			path = SubClassHandler;
			sourceTree = "<group>";
		};
/* End PBXGroup section */

/* Begin PBXNativeTarget section */
		7F3865661D240168003EBA12 /* twitterApp */ = {
			isa = PBXNativeTarget;
			buildConfigurationList = 7F38658F1D240168003EBA12 /* Build configuration list for PBXNativeTarget "twitterApp" */;
			buildPhases = (
				7F3865631D240168003EBA12 /* Sources */,
				7F3865641D240168003EBA12 /* Frameworks */,
				7F3865651D240168003EBA12 /* Resources */,
			);
			buildRules = (
			);
			dependencies = (
			);
			name = twitterApp;
			productName = twitterApp;
			productReference = 7F3865671D240168003EBA12 /* twitterApp.app */;
			productType = "com.apple.product-type.application";
		};
		7F38657A1D240168003EBA12 /* twitterAppTests */ = {
			isa = PBXNativeTarget;
			buildConfigurationList = 7F3865921D240168003EBA12 /* Build configuration list for PBXNativeTarget "twitterAppTests" */;
			buildPhases = (
				7F3865771D240168003EBA12 /* Sources */,
				7F3865781D240168003EBA12 /* Frameworks */,
				7F3865791D240168003EBA12 /* Resources */,
			);
			buildRules = (
			);
			dependencies = (
				7F38657D1D240168003EBA12 /* PBXTargetDependency */,
			);
			name = twitterAppTests;
			productName = twitterAppTests;
			productReference = 7F38657B1D240168003EBA12 /* twitterAppTests.xctest */;
			productType = "com.apple.product-type.bundle.unit-test";
		};
		7F3865851D240168003EBA12 /* twitterAppUITests */ = {
			isa = PBXNativeTarget;
			buildConfigurationList = 7F3865951D240168003EBA12 /* Build configuration list for PBXNativeTarget "twitterAppUITests" */;
			buildPhases = (
				7F3865821D240168003EBA12 /* Sources */,
				7F3865831D240168003EBA12 /* Frameworks */,
				7F3865841D240168003EBA12 /* Resources */,
			);
			buildRules = (
			);
			dependencies = (
				7F3865881D240168003EBA12 /* PBXTargetDependency */,
			);
			name = twitterAppUITests;
			productName = twitterAppUITests;
			productReference = 7F3865861D240168003EBA12 /* twitterAppUITests.xctest */;
			productType = "com.apple.product-type.bundle.ui-testing";
		};
/* End PBXNativeTarget section */

/* Begin PBXProject section */
		7F38655F1D240168003EBA12 /* Project object */ = {
			isa = PBXProject;
			attributes = {
				LastSwiftUpdateCheck = 0730;
				LastUpgradeCheck = 0730;
				ORGANIZATIONNAME = "reo harada";
				TargetAttributes = {
					7F3865661D240168003EBA12 = {
						CreatedOnToolsVersion = 7.3.1;
					};
					7F38657A1D240168003EBA12 = {
						CreatedOnToolsVersion = 7.3.1;
						TestTargetID = 7F3865661D240168003EBA12;
					};
					7F3865851D240168003EBA12 = {
						CreatedOnToolsVersion = 7.3.1;
						TestTargetID = 7F3865661D240168003EBA12;
					};
				};
			};
			buildConfigurationList = 7F3865621D240168003EBA12 /* Build configuration list for PBXProject "twitterApp" */;
			compatibilityVersion = "Xcode 3.2";
			developmentRegion = English;
			hasScannedForEncodings = 0;
			knownRegions = (
				en,
				Base,
			);
			mainGroup = 7F38655E1D240168003EBA12;
			productRefGroup = 7F3865681D240168003EBA12 /* Products */;
			projectDirPath = "";
			projectRoot = "";
			targets = (
				7F3865661D240168003EBA12 /* twitterApp */,
				7F38657A1D240168003EBA12 /* twitterAppTests */,
				7F3865851D240168003EBA12 /* twitterAppUITests */,
			);
		};
/* End PBXProject section */

/* Begin PBXResourcesBuildPhase section */
		7F3865651D240168003EBA12 /* Resources */ = {
			isa = PBXResourcesBuildPhase;
			buildActionMask = 2147483647;
			files = (
				7F3866581D241F46003EBA12 /* TweetTableViewCell.xib in Resources */,
				7F3866121D24032F003EBA12 /* NCMB_Info.plist in Resources */,
				7F3865751D240168003EBA12 /* LaunchScreen.storyboard in Resources */,
				7F3865721D240168003EBA12 /* Assets.xcassets in Resources */,
				7F3865701D240168003EBA12 /* Main.storyboard in Resources */,
			);
			runOnlyForDeploymentPostprocessing = 0;
		};
		7F3865791D240168003EBA12 /* Resources */ = {
			isa = PBXResourcesBuildPhase;
			buildActionMask = 2147483647;
			files = (
			);
			runOnlyForDeploymentPostprocessing = 0;
		};
		7F3865841D240168003EBA12 /* Resources */ = {
			isa = PBXResourcesBuildPhase;
			buildActionMask = 2147483647;
			files = (
			);
			runOnlyForDeploymentPostprocessing = 0;
		};
/* End PBXResourcesBuildPhase section */

/* Begin PBXSourcesBuildPhase section */
		7F3865631D240168003EBA12 /* Sources */ = {
			isa = PBXSourcesBuildPhase;
			buildActionMask = 2147483647;
			files = (
				7F38663A1D24032F003EBA12 /* NCMBAddUniqueOperation.m in Sources */,
				7F38662C1D24032F003EBA12 /* sha1.c in Sources */,
				7F3866331D24032F003EBA12 /* NCMBOAToken.m in Sources */,
				7F3866291D24032F003EBA12 /* NSURLBase.m in Sources */,
				7F3866251D24032F003EBA12 /* NCMBScriptService.m in Sources */,
				7F3866161D24032F003EBA12 /* NCMBError.m in Sources */,
				7F38662D1D24032F003EBA12 /* NCMBOAConsumer.m in Sources */,
				7F3866571D241F46003EBA12 /* TweetTableViewCell.swift in Sources */,
				7F38656D1D240168003EBA12 /* ViewController.swift in Sources */,
				7F3866381D24032F003EBA12 /* NSDataBase64Encode.m in Sources */,
				7F3866391D24032F003EBA12 /* NCMBAddOperation.m in Sources */,
				7F3866371D24032F003EBA12 /* NCMBUser.m in Sources */,
				7F38661F1D24032F003EBA12 /* NCMBReachability.m in Sources */,
				7F38661D1D24032F003EBA12 /* NCMBPush.m in Sources */,
				7F3866111D24032F003EBA12 /* NCMB.m in Sources */,
				7F38662B1D24032F003EBA12 /* hmac.c in Sources */,
				7F38663E1D24032F003EBA12 /* NCMBRemoveOperation.m in Sources */,
				7F3866171D24032F003EBA12 /* NCMBFacebookUtils.m in Sources */,
				7F3866541D241D3C003EBA12 /* ListViewController.swift in Sources */,
				7F3866221D24032F003EBA12 /* NCMBRichPushView.m in Sources */,
				7F3866151D24032F003EBA12 /* NCMBAnonymousUtils.m in Sources */,
				7F3866311D24032F003EBA12 /* NCMBOARequestParameter.m in Sources */,
				7F38656B1D240168003EBA12 /* AppDelegate.swift in Sources */,
				7F3866231D24032F003EBA12 /* NCMBRole.m in Sources */,
				7F3866261D24032F003EBA12 /* NCMB_Twitter.m in Sources */,
				7F3866351D24032F003EBA12 /* NCMBTwitterUtils.m in Sources */,
				7F3866401D24032F003EBA12 /* SubClassHandler.m in Sources */,
				7F3866211D24032F003EBA12 /* NCMBCloseImageView.m in Sources */,
				7F3866191D24032F003EBA12 /* NCMBGeoPoint.m in Sources */,
				7F38663C1D24032F003EBA12 /* NCMBIncrementOperation.m in Sources */,
				7F38663B1D24032F003EBA12 /* NCMBDeleteOperation.m in Sources */,
				7F3866281D24032F003EBA12 /* NSStringURLEncoding.m in Sources */,
				7F3866201D24032F003EBA12 /* NCMBRelation.m in Sources */,
				7F3866101D24032F003EBA12 /* NCMBRequest.m in Sources */,
				7F3866241D24032F003EBA12 /* NCMBScript.m in Sources */,
				7F38663D1D24032F003EBA12 /* NCMBRelationOperation.m in Sources */,
				7F3866181D24032F003EBA12 /* NCMBFile.m in Sources */,
				7F3866271D24032F003EBA12 /* NSMutableURLRequestParameters.m in Sources */,
				7F3866341D24032F003EBA12 /* NCMBTwitterLoginView.m in Sources */,
				7F3866321D24032F003EBA12 /* NCMBOAServiceTicket.m in Sources */,
				7F38662A1D24032F003EBA12 /* Base64Transcoder.c in Sources */,
				7F38662E1D24032F003EBA12 /* NCMBOADataFetcher.m in Sources */,
				7F38663F1D24032F003EBA12 /* NCMBSetOperation.m in Sources */,
				7F3866141D24032F003EBA12 /* NCMBAnalytics.m in Sources */,
				7F38661B1D24032F003EBA12 /* NCMBInstallation.m in Sources */,
				7F3866361D24032F003EBA12 /* NCMBURLConnection.m in Sources */,
				7F3866301D24032F003EBA12 /* NCMBOAMutableURLRequest.m in Sources */,
				7F38661E1D24032F003EBA12 /* NCMBQuery.m in Sources */,
				7F38661A1D24032F003EBA12 /* NCMBGoogleUtils.m in Sources */,
				7F38661C1D24032F003EBA12 /* NCMBObject.m in Sources */,
				7F38662F1D24032F003EBA12 /* NCMBOAHMAC_SHA1SignatureProvider.m in Sources */,
				7F3866131D24032F003EBA12 /* NCMBACL.m in Sources */,
			);
			runOnlyForDeploymentPostprocessing = 0;
		};
		7F3865771D240168003EBA12 /* Sources */ = {
			isa = PBXSourcesBuildPhase;
			buildActionMask = 2147483647;
			files = (
				7F3865801D240168003EBA12 /* twitterAppTests.swift in Sources */,
			);
			runOnlyForDeploymentPostprocessing = 0;
		};
		7F3865821D240168003EBA12 /* Sources */ = {
			isa = PBXSourcesBuildPhase;
			buildActionMask = 2147483647;
			files = (
				7F38658B1D240168003EBA12 /* twitterAppUITests.swift in Sources */,
			);
			runOnlyForDeploymentPostprocessing = 0;
		};
/* End PBXSourcesBuildPhase section */

/* Begin PBXTargetDependency section */
		7F38657D1D240168003EBA12 /* PBXTargetDependency */ = {
			isa = PBXTargetDependency;
			target = 7F3865661D240168003EBA12 /* twitterApp */;
			targetProxy = 7F38657C1D240168003EBA12 /* PBXContainerItemProxy */;
		};
		7F3865881D240168003EBA12 /* PBXTargetDependency */ = {
			isa = PBXTargetDependency;
			target = 7F3865661D240168003EBA12 /* twitterApp */;
			targetProxy = 7F3865871D240168003EBA12 /* PBXContainerItemProxy */;
		};
/* End PBXTargetDependency section */

/* Begin PBXVariantGroup section */
		7F38656E1D240168003EBA12 /* Main.storyboard */ = {
			isa = PBXVariantGroup;
			children = (
				7F38656F1D240168003EBA12 /* Base */,
			);
			name = Main.storyboard;
			sourceTree = "<group>";
		};
		7F3865731D240168003EBA12 /* LaunchScreen.storyboard */ = {
			isa = PBXVariantGroup;
			children = (
				7F3865741D240168003EBA12 /* Base */,
			);
			name = LaunchScreen.storyboard;
			sourceTree = "<group>";
		};
/* End PBXVariantGroup section */

/* Begin XCBuildConfiguration section */
		7F38658D1D240168003EBA12 /* Debug */ = {
			isa = XCBuildConfiguration;
			buildSettings = {
				ALWAYS_SEARCH_USER_PATHS = NO;
				CLANG_ANALYZER_NONNULL = YES;
				CLANG_CXX_LANGUAGE_STANDARD = "gnu++0x";
				CLANG_CXX_LIBRARY = "libc++";
				CLANG_ENABLE_MODULES = YES;
				CLANG_ENABLE_OBJC_ARC = YES;
				CLANG_WARN_BOOL_CONVERSION = YES;
				CLANG_WARN_CONSTANT_CONVERSION = YES;
				CLANG_WARN_DIRECT_OBJC_ISA_USAGE = YES_ERROR;
				CLANG_WARN_EMPTY_BODY = YES;
				CLANG_WARN_ENUM_CONVERSION = YES;
				CLANG_WARN_INT_CONVERSION = YES;
				CLANG_WARN_OBJC_ROOT_CLASS = YES_ERROR;
				CLANG_WARN_UNREACHABLE_CODE = YES;
				CLANG_WARN__DUPLICATE_METHOD_MATCH = YES;
				"CODE_SIGN_IDENTITY[sdk=iphoneos*]" = "iPhone Developer";
				COPY_PHASE_STRIP = NO;
				DEBUG_INFORMATION_FORMAT = dwarf;
				ENABLE_STRICT_OBJC_MSGSEND = YES;
				ENABLE_TESTABILITY = YES;
				GCC_C_LANGUAGE_STANDARD = gnu99;
				GCC_DYNAMIC_NO_PIC = NO;
				GCC_NO_COMMON_BLOCKS = YES;
				GCC_OPTIMIZATION_LEVEL = 0;
				GCC_PREPROCESSOR_DEFINITIONS = (
					"DEBUG=1",
					"$(inherited)",
				);
				GCC_WARN_64_TO_32_BIT_CONVERSION = YES;
				GCC_WARN_ABOUT_RETURN_TYPE = YES_ERROR;
				GCC_WARN_UNDECLARED_SELECTOR = YES;
				GCC_WARN_UNINITIALIZED_AUTOS = YES_AGGRESSIVE;
				GCC_WARN_UNUSED_FUNCTION = YES;
				GCC_WARN_UNUSED_VARIABLE = YES;
				IPHONEOS_DEPLOYMENT_TARGET = 9.3;
				MTL_ENABLE_DEBUG_INFO = YES;
				ONLY_ACTIVE_ARCH = YES;
				SDKROOT = iphoneos;
				SWIFT_OPTIMIZATION_LEVEL = "-Onone";
			};
			name = Debug;
		};
		7F38658E1D240168003EBA12 /* Release */ = {
			isa = XCBuildConfiguration;
			buildSettings = {
				ALWAYS_SEARCH_USER_PATHS = NO;
				CLANG_ANALYZER_NONNULL = YES;
				CLANG_CXX_LANGUAGE_STANDARD = "gnu++0x";
				CLANG_CXX_LIBRARY = "libc++";
				CLANG_ENABLE_MODULES = YES;
				CLANG_ENABLE_OBJC_ARC = YES;
				CLANG_WARN_BOOL_CONVERSION = YES;
				CLANG_WARN_CONSTANT_CONVERSION = YES;
				CLANG_WARN_DIRECT_OBJC_ISA_USAGE = YES_ERROR;
				CLANG_WARN_EMPTY_BODY = YES;
				CLANG_WARN_ENUM_CONVERSION = YES;
				CLANG_WARN_INT_CONVERSION = YES;
				CLANG_WARN_OBJC_ROOT_CLASS = YES_ERROR;
				CLANG_WARN_UNREACHABLE_CODE = YES;
				CLANG_WARN__DUPLICATE_METHOD_MATCH = YES;
				"CODE_SIGN_IDENTITY[sdk=iphoneos*]" = "iPhone Developer";
				COPY_PHASE_STRIP = NO;
				DEBUG_INFORMATION_FORMAT = "dwarf-with-dsym";
				ENABLE_NS_ASSERTIONS = NO;
				ENABLE_STRICT_OBJC_MSGSEND = YES;
				GCC_C_LANGUAGE_STANDARD = gnu99;
				GCC_NO_COMMON_BLOCKS = YES;
				GCC_WARN_64_TO_32_BIT_CONVERSION = YES;
				GCC_WARN_ABOUT_RETURN_TYPE = YES_ERROR;
				GCC_WARN_UNDECLARED_SELECTOR = YES;
				GCC_WARN_UNINITIALIZED_AUTOS = YES_AGGRESSIVE;
				GCC_WARN_UNUSED_FUNCTION = YES;
				GCC_WARN_UNUSED_VARIABLE = YES;
				IPHONEOS_DEPLOYMENT_TARGET = 9.3;
				MTL_ENABLE_DEBUG_INFO = NO;
				SDKROOT = iphoneos;
				VALIDATE_PRODUCT = YES;
			};
			name = Release;
		};
		7F3865901D240168003EBA12 /* Debug */ = {
			isa = XCBuildConfiguration;
			buildSettings = {
				ASSETCATALOG_COMPILER_APPICON_NAME = AppIcon;
				INFOPLIST_FILE = twitterApp/Info.plist;
				LD_RUNPATH_SEARCH_PATHS = "$(inherited) @executable_path/Frameworks";
				PRODUCT_BUNDLE_IDENTIFIER = AppAcademia.twitterApp;
				PRODUCT_NAME = "$(TARGET_NAME)";
				SWIFT_OBJC_BRIDGING_HEADER = "/Users/rharada/Desktop/twitterApp/twitterApp/Bridge-Header.h";
			};
			name = Debug;
		};
		7F3865911D240168003EBA12 /* Release */ = {
			isa = XCBuildConfiguration;
			buildSettings = {
				ASSETCATALOG_COMPILER_APPICON_NAME = AppIcon;
				INFOPLIST_FILE = twitterApp/Info.plist;
				LD_RUNPATH_SEARCH_PATHS = "$(inherited) @executable_path/Frameworks";
				PRODUCT_BUNDLE_IDENTIFIER = AppAcademia.twitterApp;
				PRODUCT_NAME = "$(TARGET_NAME)";
				SWIFT_OBJC_BRIDGING_HEADER = "/Users/rharada/Desktop/twitterApp/twitterApp/Bridge-Header.h";
			};
			name = Release;
		};
		7F3865931D240168003EBA12 /* Debug */ = {
			isa = XCBuildConfiguration;
			buildSettings = {
				BUNDLE_LOADER = "$(TEST_HOST)";
				INFOPLIST_FILE = twitterAppTests/Info.plist;
				LD_RUNPATH_SEARCH_PATHS = "$(inherited) @executable_path/Frameworks @loader_path/Frameworks";
				PRODUCT_BUNDLE_IDENTIFIER = AppAcademia.twitterAppTests;
				PRODUCT_NAME = "$(TARGET_NAME)";
				TEST_HOST = "$(BUILT_PRODUCTS_DIR)/twitterApp.app/twitterApp";
			};
			name = Debug;
		};
		7F3865941D240168003EBA12 /* Release */ = {
			isa = XCBuildConfiguration;
			buildSettings = {
				BUNDLE_LOADER = "$(TEST_HOST)";
				INFOPLIST_FILE = twitterAppTests/Info.plist;
				LD_RUNPATH_SEARCH_PATHS = "$(inherited) @executable_path/Frameworks @loader_path/Frameworks";
				PRODUCT_BUNDLE_IDENTIFIER = AppAcademia.twitterAppTests;
				PRODUCT_NAME = "$(TARGET_NAME)";
				TEST_HOST = "$(BUILT_PRODUCTS_DIR)/twitterApp.app/twitterApp";
			};
			name = Release;
		};
		7F3865961D240168003EBA12 /* Debug */ = {
			isa = XCBuildConfiguration;
			buildSettings = {
				INFOPLIST_FILE = twitterAppUITests/Info.plist;
				LD_RUNPATH_SEARCH_PATHS = "$(inherited) @executable_path/Frameworks @loader_path/Frameworks";
				PRODUCT_BUNDLE_IDENTIFIER = AppAcademia.twitterAppUITests;
				PRODUCT_NAME = "$(TARGET_NAME)";
				TEST_TARGET_NAME = twitterApp;
			};
			name = Debug;
		};
		7F3865971D240168003EBA12 /* Release */ = {
			isa = XCBuildConfiguration;
			buildSettings = {
				INFOPLIST_FILE = twitterAppUITests/Info.plist;
				LD_RUNPATH_SEARCH_PATHS = "$(inherited) @executable_path/Frameworks @loader_path/Frameworks";
				PRODUCT_BUNDLE_IDENTIFIER = AppAcademia.twitterAppUITests;
				PRODUCT_NAME = "$(TARGET_NAME)";
				TEST_TARGET_NAME = twitterApp;
			};
			name = Release;
		};
/* End XCBuildConfiguration section */

/* Begin XCConfigurationList section */
		7F3865621D240168003EBA12 /* Build configuration list for PBXProject "twitterApp" */ = {
			isa = XCConfigurationList;
			buildConfigurations = (
				7F38658D1D240168003EBA12 /* Debug */,
				7F38658E1D240168003EBA12 /* Release */,
			);
			defaultConfigurationIsVisible = 0;
			defaultConfigurationName = Release;
		};
		7F38658F1D240168003EBA12 /* Build configuration list for PBXNativeTarget "twitterApp" */ = {
			isa = XCConfigurationList;
			buildConfigurations = (
				7F3865901D240168003EBA12 /* Debug */,
				7F3865911D240168003EBA12 /* Release */,
			);
			defaultConfigurationIsVisible = 0;
		};
		7F3865921D240168003EBA12 /* Build configuration list for PBXNativeTarget "twitterAppTests" */ = {
			isa = XCConfigurationList;
			buildConfigurations = (
				7F3865931D240168003EBA12 /* Debug */,
				7F3865941D240168003EBA12 /* Release */,
			);
			defaultConfigurationIsVisible = 0;
		};
		7F3865951D240168003EBA12 /* Build configuration list for PBXNativeTarget "twitterAppUITests" */ = {
			isa = XCConfigurationList;
			buildConfigurations = (
				7F3865961D240168003EBA12 /* Debug */,
				7F3865971D240168003EBA12 /* Release */,
			);
			defaultConfigurationIsVisible = 0;
		};
/* End XCConfigurationList section */
	};
	rootObject = 7F38655F1D240168003EBA12 /* Project object */;
}
